{
  "version": 4,
  "terraform_version": "1.8.5",
  "serial": 10,
  "lineage": "62f6beb3-437c-4701-e516-dae128fe3b24",
  "outputs": {},
  "resources": [
    {
      "mode": "managed",
      "type": "local_file",
      "name": "cat",
      "provider": "provider[\"registry.terraform.io/hashicorp/local\"]",
      "instances": [
        {
          "schema_version": 0,
          "attributes": {
            "content": "We love cats!",
            "content_base64": null,
            "content_base64sha256": "gV39KrkRCaqhE1/df+6TWmGCHkYf9p4sfxPEWmn6KWk=",
            "content_base64sha512": "EwdqERO1Agdyd7YfjwwL4QhtbF9+wag8HPZYsIgdC5c84IRaWvK1v9GqosdIMjJiA2ahnvWZvtmOAZuquJMbyw==",
            "content_md5": "044a9dd3e27c7b5d7112da9438637450",
            "content_sha1": "ce83bc86465a902ebc17e921ba73ab5cbbe72bef",
            "content_sha256": "815dfd2ab91109aaa1135fdd7fee935a61821e461ff69e2c7f13c45a69fa2969",
            "content_sha512": "13076a1113b502077277b61f8f0c0be1086d6c5f7ec1a83c1cf658b0881d0b973ce0845a5af2b5bfd1aaa2c7483232620366a19ef599bed98e019baab8931bcb",
            "directory_permission": "0777",
            "file_permission": "0700",
            "filename": "/Users/saurabh/Data/GIT/terraform_demo/poc/cat.txt",
            "id": "ce83bc86465a902ebc17e921ba73ab5cbbe72bef",
            "sensitive_content": null,
            "source": null
          },
          "sensitive_attributes": [
            [
              {
                "type": "get_attr",
                "value": "sensitive_content"
              }
            ]
          ]
        }
      ]
    },
    {
      "mode": "managed",
      "type": "local_file",
      "name": "pet",
      "provider": "provider[\"registry.terraform.io/hashicorp/local\"]",
      "instances": [
        {
          "schema_version": 0,
          "attributes": {
            "content": "We love pets!",
            "content_base64": null,
            "content_base64sha256": "zUA5Ip/IeKlmTQIptlp90JdMGAd8YLStDXhpGq0Bp0c=",
            "content_base64sha512": "tduqTz5S8Wa3O9Ab5+g0GcGL6kMjMh61vjFcMm5KkOO5TgViAC/kBOdvYHl9qky2K99+u80z0CfCs2ExsHbjGg==",
            "content_md5": "f510a471c5dc0bcd4759ad9dc81a516f",
            "content_sha1": "cba595b7d9f94ba1107a46f3f731912d95fb3d2c",
            "content_sha256": "cd4039229fc878a9664d0229b65a7dd0974c18077c60b4ad0d78691aad01a747",
            "content_sha512": "b5dbaa4f3e52f166b73bd01be7e83419c18bea4323321eb5be315c326e4a90e3b94e0562002fe404e76f60797daa4cb62bdf7ebbcd33d027c2b36131b076e31a",
            "directory_permission": "0777",
            "file_permission": "0700",
            "filename": "/Users/saurabh/Data/GIT/terraform_demo/poc/pets.txt",
            "id": "cba595b7d9f94ba1107a46f3f731912d95fb3d2c",
            "sensitive_content": null,
            "source": null
          },
          "sensitive_attributes": [
            [
              {
                "type": "get_attr",
                "value": "sensitive_content"
              }
            ]
          ]
        }
      ]
    }
  ],
  "check_results": null
}
